<?xml version="1.0" encoding="utf-8"?>
<Project ToolsVersion="4.0" xmlns="http://schemas.microsoft.com/developer/msbuild/2003">
  <ItemGroup>
    <Filter Include="Source Files">
      <UniqueIdentifier>{4FC737F1-C7A5-4376-A066-2A32D752A2FF}</UniqueIdentifier>
      <Extensions>cpp;c;cc;cxx;c++;cppm;ixx;def;odl;idl;hpj;bat;asm;asmx</Extensions>
    </Filter>
    <Filter Include="Header Files">
      <UniqueIdentifier>{93995380-89BD-4b04-88EB-625FBE52EBFB}</UniqueIdentifier>
      <Extensions>h;hh;hpp;hxx;h++;hm;inl;inc;ipp;xsd</Extensions>
    </Filter>
    <Filter Include="Resource Files">
      <UniqueIdentifier>{67DA6AB6-F800-4c08-8B7A-83BB121AAD01}</UniqueIdentifier>
      <Extensions>rc;ico;cur;bmp;dlg;rc2;rct;bin;rgs;gif;jpg;jpeg;jpe;resx;tiff;tif;png;wav;mfcribbon-ms</Extensions>
    </Filter>
  </ItemGroup>
  <ItemGroup>
    <ClCompile Include="nwar.cpp">
      <Filter>Source Files</Filter>
    </ClCompile>
    <ClCompile Include="glad\src\glad.c">
      <Filter>Source Files</Filter>
    </ClCompile>
    <ClCompile Include="nglerr.cpp">
      <Filter>Source Files</Filter>
    </ClCompile>
    <ClCompile Include="ngldbg.cpp">
      <Filter>Source Files</Filter>
    </ClCompile>
    <ClCompile Include="NglProgram.cpp">
      <Filter>Source Files</Filter>
    </ClCompile>
    <ClCompile Include="NglCamera.cpp">
      <Filter>Source Files</Filter>
    </ClCompile>
    <ClCompile Include="NglBicubicInterpolation.cpp">
      <Filter>Source Files</Filter>
    </ClCompile>
    <ClCompile Include="NglTexture.cpp">
      <Filter>Source Files</Filter>
    </ClCompile>
    <ClCompile Include="NglVertexArray.cpp">
      <Filter>Source Files</Filter>
    </ClCompile>
    <ClCompile Include="NglBuffer.cpp">
      <Filter>Source Files</Filter>
    </ClCompile>
    <ClCompile Include="NglTerrainGeometry.cpp">
      <Filter>Source Files</Filter>
    </ClCompile>
    <ClCompile Include="NglArmyLayer.cpp">
      <Filter>Source Files</Filter>
    </ClCompile>
    <ClCompile Include="NglTerrainLayer.cpp">
      <Filter>Source Files</Filter>
    </ClCompile>
    <ClCompile Include="NglDisplacementMap.cpp">
      <Filter>Source Files</Filter>
    </ClCompile>
    <ClCompile Include="NglSoundGenerator.cpp">
      <Filter>Source Files</Filter>
    </ClCompile>
    <ClCompile Include="nglmain.cpp">
      <Filter>Source Files</Filter>
    </ClCompile>
    <ClCompile Include="nvkmain.cpp">
      <Filter>Source Files</Filter>
    </ClCompile>
    <ClCompile Include="nvkerr.cpp">
      <Filter>Source Files</Filter>
    </ClCompile>
  </ItemGroup>
  <ItemGroup>
    <None Include=".clang-format" />
    <None Include=".gitignore" />
  </ItemGroup>
  <ItemGroup>
    <ClInclude Include="nglerr.h">
      <Filter>Header Files</Filter>
    </ClInclude>
    <ClInclude Include="ngldbg.h">
      <Filter>Header Files</Filter>
    </ClInclude>
    <ClInclude Include="nglgl.h">
      <Filter>Header Files</Filter>
    </ClInclude>
    <ClInclude Include="ngllog.h">
      <Filter>Header Files</Filter>
    </ClInclude>
    <ClInclude Include="NglProgram.h">
      <Filter>Header Files</Filter>
    </ClInclude>
    <ClInclude Include="nglassert.h">
      <Filter>Header Files</Filter>
    </ClInclude>
    <ClInclude Include="NglCamera.h">
      <Filter>Header Files</Filter>
    </ClInclude>
    <ClInclude Include="nglfrag.h">
      <Filter>Header Files</Filter>
    </ClInclude>
    <ClInclude Include="nglvert.h">
      <Filter>Header Files</Filter>
    </ClInclude>
    <ClInclude Include="nglgeom.h">
      <Filter>Header Files</Filter>
    </ClInclude>
    <ClInclude Include="NglBicubicInterpolation.h">
      <Filter>Header Files</Filter>
    </ClInclude>
    <ClInclude Include="NglVertex.h">
      <Filter>Header Files</Filter>
    </ClInclude>
    <ClInclude Include="nglassimp.h">
      <Filter>Header Files</Filter>
    </ClInclude>
    <ClInclude Include="NglTexture.h">
      <Filter>Header Files</Filter>
    </ClInclude>
    <ClInclude Include="NglVertexArray.h">
      <Filter>Header Files</Filter>
    </ClInclude>
    <ClInclude Include="NglBuffer.h">
      <Filter>Header Files</Filter>
    </ClInclude>
    <ClInclude Include="NglTerrainGeometry.h">
      <Filter>Header Files</Filter>
    </ClInclude>
    <ClInclude Include="NglArmyLayer.h">
      <Filter>Header Files</Filter>
    </ClInclude>
    <ClInclude Include="NglTerrainLayer.h">
      <Filter>Header Files</Filter>
    </ClInclude>
    <ClInclude Include="NglDisplacementMap.h">
      <Filter>Header Files</Filter>
    </ClInclude>
    <ClInclude Include="NglSoundGenerator.h">
      <Filter>Header Files</Filter>
    </ClInclude>
    <ClInclude Include="nglmain.h">
      <Filter>Header Files</Filter>
    </ClInclude>
    <ClInclude Include="nvkmain.h">
      <Filter>Header Files</Filter>
    </ClInclude>
    <ClInclude Include="nvkerr.h">
      <Filter>Header Files</Filter>
    </ClInclude>
  </ItemGroup>
</Project>